
Microsoft Visual Studio Solution File, Format Version 12.00
# Visual Studio Version 16
VisualStudioVersion = 16.0.28621.142
MinimumVisualStudioVersion = 10.0.40219.1
Project("{8BC9CEB8-8B4A-11D0-8D11-00A0C91BC942}") = "RenderSTL", "RenderSTL\RenderSTL.vcxproj", "{A56E312B-FA4B-473A-AC8F-D4B92505ADC4}"
EndProject
Project("{8BC9CEB8-8B4A-11D0-8D11-00A0C91BC942}") = "Triangle", "Triangle\Triangle.vcxproj", "{598471B1-FDAB-4C7B-9FDB-7520A742A724}"
EndProject
Project("{8BC9CEB8-8B4A-11D0-8D11-00A0C91BC942}") = "Transform", "Transform\Transform.vcxproj", "{263DAA17-6AD7-413C-BA6F-FD8196AB1560}"
EndProject
Project("{8BC9CEB8-8B4A-11D0-8D11-00A0C91BC942}") = "NBody", "NBody\NBody.vcxproj", "{BC1008F0-C1E1-4254-8C53-20C78BA753B8}"
EndProject
Project("{8BC9CEB8-8B4A-11D0-8D11-00A0C91BC942}") = "BVH", "BVH\BVH.vcxproj", "{3C44014E-40BF-44EB-B304-F0378C4B53C1}"
EndProject
Project("{8BC9CEB8-8B4A-11D0-8D11-00A0C91BC942}") = "Pool", "Pool\Pool.vcxproj", "{518B0E31-FE50-41EB-9AE7-31741AE771A4}"
EndProject
Project("{8BC9CEB8-8B4A-11D0-8D11-00A0C91BC942}") = "NormalInterpolation", "NormalInterpolation\NormalInterpolation.vcxproj", "{9C2AF641-C487-40FA-B17B-7AC53E78F2B4}"
EndProject
Global
	GlobalSection(SolutionConfigurationPlatforms) = preSolution
		Debug|x64 = Debug|x64
		Debug|x86 = Debug|x86
		Release|x64 = Release|x64
		Release|x86 = Release|x86
	EndGlobalSection
	GlobalSection(ProjectConfigurationPlatforms) = postSolution
		{A56E312B-FA4B-473A-AC8F-D4B92505ADC4}.Debug|x64.ActiveCfg = Debug|x64
		{A56E312B-FA4B-473A-AC8F-D4B92505ADC4}.Debug|x64.Build.0 = Debug|x64
		{A56E312B-FA4B-473A-AC8F-D4B92505ADC4}.Debug|x86.ActiveCfg = Debug|Win32
		{A56E312B-FA4B-473A-AC8F-D4B92505ADC4}.Debug|x86.Build.0 = Debug|Win32
		{A56E312B-FA4B-473A-AC8F-D4B92505ADC4}.Release|x64.ActiveCfg = Release|x64
		{A56E312B-FA4B-473A-AC8F-D4B92505ADC4}.Release|x64.Build.0 = Release|x64
		{A56E312B-FA4B-473A-AC8F-D4B92505ADC4}.Release|x86.ActiveCfg = Release|Win32
		{A56E312B-FA4B-473A-AC8F-D4B92505ADC4}.Release|x86.Build.0 = Release|Win32
		{598471B1-FDAB-4C7B-9FDB-7520A742A724}.Debug|x64.ActiveCfg = Debug|x64
		{598471B1-FDAB-4C7B-9FDB-7520A742A724}.Debug|x64.Build.0 = Debug|x64
		{598471B1-FDAB-4C7B-9FDB-7520A742A724}.Debug|x86.ActiveCfg = Debug|Win32
		{598471B1-FDAB-4C7B-9FDB-7520A742A724}.Debug|x86.Build.0 = Debug|Win32
		{598471B1-FDAB-4C7B-9FDB-7520A742A724}.Release|x64.ActiveCfg = Release|x64
		{598471B1-FDAB-4C7B-9FDB-7520A742A724}.Release|x64.Build.0 = Release|x64
		{598471B1-FDAB-4C7B-9FDB-7520A742A724}.Release|x86.ActiveCfg = Release|Win32
		{598471B1-FDAB-4C7B-9FDB-7520A742A724}.Release|x86.Build.0 = Release|Win32
		{263DAA17-6AD7-413C-BA6F-FD8196AB1560}.Debug|x64.ActiveCfg = Debug|x64
		{263DAA17-6AD7-413C-BA6F-FD8196AB1560}.Debug|x64.Build.0 = Debug|x64
		{263DAA17-6AD7-413C-BA6F-FD8196AB1560}.Debug|x86.ActiveCfg = Debug|Win32
		{263DAA17-6AD7-413C-BA6F-FD8196AB1560}.Debug|x86.Build.0 = Debug|Win32
		{263DAA17-6AD7-413C-BA6F-FD8196AB1560}.Release|x64.ActiveCfg = Release|x64
		{263DAA17-6AD7-413C-BA6F-FD8196AB1560}.Release|x64.Build.0 = Release|x64
		{263DAA17-6AD7-413C-BA6F-FD8196AB1560}.Release|x86.ActiveCfg = Release|Win32
		{263DAA17-6AD7-413C-BA6F-FD8196AB1560}.Release|x86.Build.0 = Release|Win32
		{BC1008F0-C1E1-4254-8C53-20C78BA753B8}.Debug|x64.ActiveCfg = Debug|x64
		{BC1008F0-C1E1-4254-8C53-20C78BA753B8}.Debug|x64.Build.0 = Debug|x64
		{BC1008F0-C1E1-4254-8C53-20C78BA753B8}.Debug|x86.ActiveCfg = Debug|Win32
		{BC1008F0-C1E1-4254-8C53-20C78BA753B8}.Debug|x86.Build.0 = Debug|Win32
		{BC1008F0-C1E1-4254-8C53-20C78BA753B8}.Release|x64.ActiveCfg = Release|x64
		{BC1008F0-C1E1-4254-8C53-20C78BA753B8}.Release|x64.Build.0 = Release|x64
		{BC1008F0-C1E1-4254-8C53-20C78BA753B8}.Release|x86.ActiveCfg = Release|Win32
		{BC1008F0-C1E1-4254-8C53-20C78BA753B8}.Release|x86.Build.0 = Release|Win32
		{3C44014E-40BF-44EB-B304-F0378C4B53C1}.Debug|x64.ActiveCfg = Debug|x64
		{3C44014E-40BF-44EB-B304-F0378C4B53C1}.Debug|x64.Build.0 = Debug|x64
		{3C44014E-40BF-44EB-B304-F0378C4B53C1}.Debug|x86.ActiveCfg = Debug|Win32
		{3C44014E-40BF-44EB-B304-F0378C4B53C1}.Debug|x86.Build.0 = Debug|Win32
		{3C44014E-40BF-44EB-B304-F0378C4B53C1}.Release|x64.ActiveCfg = Release|x64
		{3C44014E-40BF-44EB-B304-F0378C4B53C1}.Release|x64.Build.0 = Release|x64
		{3C44014E-40BF-44EB-B304-F0378C4B53C1}.Release|x86.ActiveCfg = Release|Win32
		{3C44014E-40BF-44EB-B304-F0378C4B53C1}.Release|x86.Build.0 = Release|Win32
		{518B0E31-FE50-41EB-9AE7-31741AE771A4}.Debug|x64.ActiveCfg = Debug|x64
		{518B0E31-FE50-41EB-9AE7-31741AE771A4}.Debug|x64.Build.0 = Debug|x64
		{518B0E31-FE50-41EB-9AE7-31741AE771A4}.Debug|x86.ActiveCfg = Debug|Win32
		{518B0E31-FE50-41EB-9AE7-31741AE771A4}.Debug|x86.Build.0 = Debug|Win32
		{518B0E31-FE50-41EB-9AE7-31741AE771A4}.Release|x64.ActiveCfg = Release|x64
		{518B0E31-FE50-41EB-9AE7-31741AE771A4}.Release|x64.Build.0 = Release|x64
		{518B0E31-FE50-41EB-9AE7-31741AE771A4}.Release|x86.ActiveCfg = Release|Win32
		{518B0E31-FE50-41EB-9AE7-31741AE771A4}.Release|x86.Build.0 = Release|Win32
		{9C2AF641-C487-40FA-B17B-7AC53E78F2B4}.Debug|x64.ActiveCfg = Debug|x64
		{9C2AF641-C487-40FA-B17B-7AC53E78F2B4}.Debug|x64.Build.0 = Debug|x64
		{9C2AF641-C487-40FA-B17B-7AC53E78F2B4}.Debug|x86.ActiveCfg = Debug|Win32
		{9C2AF641-C487-40FA-B17B-7AC53E78F2B4}.Debug|x86.Build.0 = Debug|Win32
		{9C2AF641-C487-40FA-B17B-7AC53E78F2B4}.Release|x64.ActiveCfg = Release|x64
		{9C2AF641-C487-40FA-B17B-7AC53E78F2B4}.Release|x64.Build.0 = Release|x64
		{9C2AF641-C487-40FA-B17B-7AC53E78F2B4}.Release|x86.ActiveCfg = Release|Win32
		{9C2AF641-C487-40FA-B17B-7AC53E78F2B4}.Release|x86.Build.0 = Release|Win32
	EndGlobalSection
	GlobalSection(SolutionProperties) = preSolution
		HideSolutionNode = FALSE
	EndGlobalSection
	GlobalSection(ExtensibilityGlobals) = postSolution
		SolutionGuid = {28B5C8BF-79C4-4F95-93C6-4239972C6716}
	EndGlobalSection
EndGlobal
